PODS:
  - Flutter (1.0.0)
  - flutter_playout (0.0.1):
    - Flutter

DEPENDENCIES:
  - Flutter (from `Flutter`)
  - flutter_playout (from `.symlinks/plugins/flutter_playout/ios`)

EXTERNAL SOURCES:
  Flutter:
    :path: Flutter
  flutter_playout:
    :path: ".symlinks/plugins/flutter_playout/ios"

SPEC CHECKSUMS:
  Flutter: 434fef37c0980e73bb6479ef766c45957d4b510c
  flutter_playout: a5aed32b3003b02eb4432815ecfe0c0e42a801ff

PODFILE CHECKSUM: aafe91acc616949ddb318b77800a7f51bffa2a4c

COCOAPODS: 1.10.0
